{
  "version": 4,
  "terraform_version": "1.3.3",
  "serial": 275,
  "lineage": "a0359f9a-2aed-438a-e8d2-91083e5fbe11",
  "outputs": {},
  "resources": [
    {
      "mode": "managed",
      "type": "null_resource",
      "name": "docker_build",
      "provider": "provider[\"registry.terraform.io/hashicorp/null\"]",
      "instances": [
        {
          "schema_version": 0,
          "attributes": {
            "id": "5577006791947779410",
            "triggers": {
              "always_run": "2022-11-15T19:08:55Z"
            }
          },
          "sensitive_attributes": []
        }
      ]
    },
    {
      "module": "module.GKE",
      "mode": "managed",
      "type": "google_container_cluster",
      "name": "feki-gke-cluster",
      "provider": "provider[\"registry.terraform.io/hashicorp/google\"]",
      "instances": [
        {
          "schema_version": 1,
          "attributes": {
            "addons_config": [
              {
                "cloudrun_config": [],
                "dns_cache_config": [],
                "gce_persistent_disk_csi_driver_config": [
                  {
                    "enabled": true
                  }
                ],
                "gcp_filestore_csi_driver_config": [],
                "horizontal_pod_autoscaling": [],
                "http_load_balancing": [],
                "network_policy_config": [
                  {
                    "disabled": true
                  }
                ]
              }
            ],
            "authenticator_groups_config": [],
            "binary_authorization": [
              {
                "enabled": false,
                "evaluation_mode": ""
              }
            ],
            "cluster_autoscaling": [
              {
                "auto_provisioning_defaults": [],
                "enabled": false,
                "resource_limits": []
              }
            ],
            "cluster_ipv4_cidr": "10.220.0.0/14",
            "confidential_nodes": [],
            "cost_management_config": [],
            "database_encryption": [
              {
                "key_name": "",
                "state": "DECRYPTED"
              }
            ],
            "datapath_provider": "",
            "default_max_pods_per_node": 110,
            "default_snat_status": [
              {
                "disabled": false
              }
            ],
            "description": "",
            "dns_config": [],
            "enable_autopilot": false,
            "enable_binary_authorization": false,
            "enable_intranode_visibility": false,
            "enable_kubernetes_alpha": false,
            "enable_legacy_abac": false,
            "enable_shielded_nodes": true,
            "enable_tpu": false,
            "endpoint": "172.10.0.2",
            "id": "projects/feki-368302/locations/us-central1-a/clusters/feki-gke-cluster",
            "initial_node_count": 1,
            "ip_allocation_policy": [
              {
                "cluster_ipv4_cidr_block": "10.220.0.0/14",
                "cluster_secondary_range_name": "gke-feki-gke-cluster-pods-5786d694",
                "services_ipv4_cidr_block": "10.224.0.0/20",
                "services_secondary_range_name": "gke-feki-gke-cluster-services-5786d694"
              }
            ],
            "label_fingerprint": "a9dc16a7",
            "location": "us-central1-a",
            "logging_config": [
              {
                "enable_components": [
                  "SYSTEM_COMPONENTS",
                  "WORKLOADS"
                ]
              }
            ],
            "logging_service": "logging.googleapis.com/kubernetes",
            "maintenance_policy": [],
            "master_auth": [
              {
                "client_certificate": "",
                "client_certificate_config": [
                  {
                    "issue_client_certificate": false
                  }
                ],
                "client_key": "",
                "cluster_ca_certificate": "LS0tLS1CRUdJTiBDRVJUSUZJQ0FURS0tLS0tCk1JSUVMVENDQXBXZ0F3SUJBZ0lSQVBFaFA5Ti9xaEhDeDlCa0RkcnNXNHN3RFFZSktvWklodmNOQVFFTEJRQXcKTHpFdE1Dc0dBMVVFQXhNa1pUQXhPVFJrTmpNdE1qTXhZaTAwT0RNekxUbGxZell0TUdSbE16QmtZekpoTm1ReApNQ0FYRFRJeU1URXhOVEUzTWpjd01Gb1lEekl3TlRJeE1UQTNNVGd5TnpBd1dqQXZNUzB3S3dZRFZRUURFeVJsCk1ERTVOR1EyTXkweU16RmlMVFE0TXpNdE9XVmpOaTB3WkdVek1HUmpNbUUyWkRFd2dnR2lNQTBHQ1NxR1NJYjMKRFFFQkFRVUFBNElCandBd2dnR0tBb0lCZ1FDbEFQbUNKMHc5ZjI5RFVDQngwalhhdWMyMHFVRVBueGcyY1JHRQpENnE2MVhSZzFKRExTQnZiQ2hvQlZ1dnhONFJkNW1OaUZ3ZkphcHNuRnVaNVRkZlRSR2pUVUlBaGEvc2hJVS91CmhiZ3hXWUlXQmo4UTNPVVlUODhocDV6L0N5eVlZOWJ5cUNaYVVVOTZjOWZ4VGZUS0E2OURPd2xTZzFKcVVxZi8KeUFOcCtsWE5jZGJVcjVkVXd0VjEwMVBibVZSOUVRdzY3S2VGTnJ1TDJSL2g5REFOajlBUC9Ld3lLVHppZkk5ZwpVOUlGM2hCYmRKWlhPOGFWV1dwZ2xUTnVVdWl6QzZDOFg4eUplTkNGWlFqSUV4MXRFSlQvUDNza2xsNjltbHZkClJGZkVwNU9mU1dBMWlkQ052VkFHVVBVc2NZQzk2OTZzUit0VFVxNGhpZ0JDK3ZSOXJBb1QvVGwwRnVwWnVQV3gKOU9KNzI3eko0bm9EbXF0WTVQVEE4TDg0TkpFTHpma1NwampsdE9yV2Vyem1FdllveWdUTnl0TjNJVE1CUzJkVAprVWNIdEtxTHZuQXBMRTArTysrSkVsNW5Xbks0cFJwclc5Z1VYa285aU5OVHZXTXZ4bnBWcGg2SGlvWVAxUGxLCjVPdFFzNFVFRk10UGFOME5nZHlydlBMcy9oa0NBd0VBQWFOQ01FQXdEZ1lEVlIwUEFRSC9CQVFEQWdJRU1BOEcKQTFVZEV3RUIvd1FGTUFNQkFmOHdIUVlEVlIwT0JCWUVGRTRkMG1Kem1iWkpodzIvOG0ySlEvZ1RXeHdsTUEwRwpDU3FHU0liM0RRRUJDd1VBQTRJQmdRQm56Sjd6clNVdUthbDZYei8xYnpBSEZzNWFCWEp1VGlaTFMrQXVsZ2Y2ClFKUk1WTkhxNFpKM1ZqbFZmc3pBZXJMdHY3eUZwZlVFaW91K1FqemFSaUN0RjgyalBVM2kwRE9LY3lCYVo4WjYKSVRCeWdLQ29pcjBROUE1ZUh4YTVHQ2dWaFdzeWxqaWRSaCtmMDFVVnByNVN1ZlVlZmV5VlQ1OXA5aWY0S1JOMwpkcUUvOEd3QXBRQ284YlUyZlJuVTRvTWhrQ3RFaTFsb0p2Q0pLUDF6NGY2RWdBaVhqcXdKRVJJbFJncDF4d1ZKCkhjWk1RaElOakRkNFE0SkNoRmdJV2lNUWxETEhDV1doKzY1NG5jODk3K0MwdmJtd2c5WE05cmRqT3VpTEcvV1oKY21BaVVNL3l4NVZvcjZNNjZoRW1ZMjFMZHVMOE5zUElGQzlqcTFKS1pVY0JkOHdyUUpnbzdJdm5uQTIxZWtIQgpJanZRS0FjSG5tZGpDeWgvWk15RzBYNzdteFJlL0JUMHJEWmlDYjhCUUVrMy9iRmtSNkdzNlExZFpyU2t0WFZNCmlkOWFKZGJHZHVLcXdReTVENWVENnJXdk5COFluWmt4OU1MaTBucWorU3pVM000Tm9Sc3I3NU42YklFMGdUcncKaGplb1pDUlJJbUFUK0p4d2hsRExGQmM9Ci0tLS0tRU5EIENFUlRJRklDQVRFLS0tLS0K"
              }
            ],
            "master_authorized_networks_config": [
              {
                "cidr_blocks": [
                  {
                    "cidr_block": "10.0.0.0/24",
                    "display_name": ""
                  }
                ]
              }
            ],
            "master_version": "1.23.8-gke.1900",
            "mesh_certificates": [],
            "min_master_version": null,
            "monitoring_config": [
              {
                "enable_components": [
                  "SYSTEM_COMPONENTS"
                ]
              }
            ],
            "monitoring_service": "monitoring.googleapis.com/kubernetes",
            "name": "feki-gke-cluster",
            "network": "projects/feki-368302/global/networks/feki-vpc",
            "network_policy": [
              {
                "enabled": false,
                "provider": "PROVIDER_UNSPECIFIED"
              }
            ],
            "networking_mode": "VPC_NATIVE",
            "node_config": [
              {
                "boot_disk_kms_key": "",
                "disk_size_gb": 100,
                "disk_type": "pd-standard",
                "gcfs_config": [],
                "guest_accelerator": [],
                "gvnic": [],
                "image_type": "COS_CONTAINERD",
                "labels": {},
                "local_ssd_count": 0,
                "machine_type": "e2-medium",
                "metadata": {
                  "disable-legacy-endpoints": "true"
                },
                "min_cpu_platform": "",
                "node_group": "",
                "oauth_scopes": [
                  "https://www.googleapis.com/auth/logging.write",
                  "https://www.googleapis.com/auth/monitoring"
                ],
                "preemptible": false,
                "reservation_affinity": [],
                "service_account": "gke-sa@feki-368302.iam.gserviceaccount.com",
                "shielded_instance_config": [
                  {
                    "enable_integrity_monitoring": true,
                    "enable_secure_boot": false
                  }
                ],
                "spot": false,
                "tags": [],
                "taint": [],
                "workload_metadata_config": []
              }
            ],
            "node_locations": [],
            "node_pool": [
              {
                "autoscaling": [],
                "initial_node_count": 2,
                "instance_group_urls": [
                  "https://www.googleapis.com/compute/v1/projects/feki-368302/zones/us-central1-a/instanceGroupManagers/gke-feki-gke-cluster-feki-nodes-3b0d3cc3-grp"
                ],
                "managed_instance_group_urls": [
                  "https://www.googleapis.com/compute/v1/projects/feki-368302/zones/us-central1-a/instanceGroups/gke-feki-gke-cluster-feki-nodes-3b0d3cc3-grp"
                ],
                "management": [
                  {
                    "auto_repair": true,
                    "auto_upgrade": true
                  }
                ],
                "max_pods_per_node": 110,
                "name": "feki-nodes",
                "name_prefix": "",
                "node_config": [
                  {
                    "boot_disk_kms_key": "",
                    "disk_size_gb": 100,
                    "disk_type": "pd-standard",
                    "gcfs_config": [],
                    "guest_accelerator": [],
                    "gvnic": [],
                    "image_type": "COS_CONTAINERD",
                    "labels": {},
                    "local_ssd_count": 0,
                    "machine_type": "e2-medium",
                    "metadata": {
                      "disable-legacy-endpoints": "true"
                    },
                    "min_cpu_platform": "",
                    "node_group": "",
                    "oauth_scopes": [
                      "https://www.googleapis.com/auth/logging.write",
                      "https://www.googleapis.com/auth/monitoring"
                    ],
                    "preemptible": false,
                    "reservation_affinity": [],
                    "service_account": "gke-sa@feki-368302.iam.gserviceaccount.com",
                    "shielded_instance_config": [
                      {
                        "enable_integrity_monitoring": true,
                        "enable_secure_boot": false
                      }
                    ],
                    "spot": false,
                    "tags": [],
                    "taint": [],
                    "workload_metadata_config": []
                  }
                ],
                "node_count": 2,
                "node_locations": [
                  "us-central1-a"
                ],
                "upgrade_settings": [
                  {
                    "max_surge": 1,
                    "max_unavailable": 0
                  }
                ],
                "version": "1.23.8-gke.1900"
              }
            ],
            "node_version": "1.23.8-gke.1900",
            "notification_config": [
              {
                "pubsub": [
                  {
                    "enabled": false,
                    "filter": [],
                    "topic": ""
                  }
                ]
              }
            ],
            "operation": null,
            "private_cluster_config": [
              {
                "enable_private_endpoint": true,
                "enable_private_nodes": true,
                "master_global_access_config": [
                  {
                    "enabled": false
                  }
                ],
                "master_ipv4_cidr_block": "172.10.0.0/28",
                "peering_name": "gke-nc1ca28e9464463b29de-3280-9b69-peer",
                "private_endpoint": "172.10.0.2",
                "public_endpoint": "34.68.228.213"
              }
            ],
            "private_ipv6_google_access": "",
            "project": "feki-368302",
            "release_channel": [
              {
                "channel": "REGULAR"
              }
            ],
            "remove_default_node_pool": true,
            "resource_labels": {},
            "resource_usage_export_config": [],
            "self_link": "https://container.googleapis.com/v1/projects/feki-368302/zones/us-central1-a/clusters/feki-gke-cluster",
            "service_external_ips_config": [
              {
                "enabled": false
              }
            ],
            "services_ipv4_cidr": "10.224.0.0/20",
            "subnetwork": "projects/feki-368302/regions/us-central1/subnetworks/restricted-subnet",
            "timeouts": null,
            "tpu_ipv4_cidr_block": "",
            "vertical_pod_autoscaling": [],
            "workload_identity_config": []
          },
          "sensitive_attributes": [],
          "private": "eyJlMmJmYjczMC1lY2FhLTExZTYtOGY4OC0zNDM2M2JjN2M0YzAiOnsiY3JlYXRlIjoyNDAwMDAwMDAwMDAwLCJkZWxldGUiOjI0MDAwMDAwMDAwMDAsInJlYWQiOjI0MDAwMDAwMDAwMDAsInVwZGF0ZSI6MzYwMDAwMDAwMDAwMH0sInNjaGVtYV92ZXJzaW9uIjoiMSJ9",
          "dependencies": [
            "module.Network.google_compute_network.feki-vpc",
            "module.Network.google_compute_subnetwork.Restricted_Subnet"
          ]
        }
      ]
    },
    {
      "module": "module.GKE",
      "mode": "managed",
      "type": "google_container_node_pool",
      "name": "feki-nodes",
      "provider": "provider[\"registry.terraform.io/hashicorp/google\"]",
      "instances": [
        {
          "schema_version": 1,
          "attributes": {
            "autoscaling": [],
            "cluster": "feki-gke-cluster",
            "id": "projects/feki-368302/locations/us-central1-a/clusters/feki-gke-cluster/nodePools/feki-nodes",
            "initial_node_count": 2,
            "instance_group_urls": [
              "https://www.googleapis.com/compute/v1/projects/feki-368302/zones/us-central1-a/instanceGroupManagers/gke-feki-gke-cluster-feki-nodes-3b0d3cc3-grp"
            ],
            "location": "us-central1-a",
            "managed_instance_group_urls": [
              "https://www.googleapis.com/compute/v1/projects/feki-368302/zones/us-central1-a/instanceGroups/gke-feki-gke-cluster-feki-nodes-3b0d3cc3-grp"
            ],
            "management": [
              {
                "auto_repair": true,
                "auto_upgrade": true
              }
            ],
            "max_pods_per_node": 110,
            "name": "feki-nodes",
            "name_prefix": "",
            "node_config": [
              {
                "boot_disk_kms_key": "",
                "disk_size_gb": 100,
                "disk_type": "pd-standard",
                "gcfs_config": [],
                "guest_accelerator": [],
                "gvnic": [],
                "image_type": "COS_CONTAINERD",
                "labels": {},
                "local_ssd_count": 0,
                "machine_type": "e2-medium",
                "metadata": {
                  "disable-legacy-endpoints": "true"
                },
                "min_cpu_platform": "",
                "node_group": "",
                "oauth_scopes": [
                  "https://www.googleapis.com/auth/logging.write",
                  "https://www.googleapis.com/auth/monitoring"
                ],
                "preemptible": false,
                "reservation_affinity": [],
                "service_account": "gke-sa@feki-368302.iam.gserviceaccount.com",
                "shielded_instance_config": [
                  {
                    "enable_integrity_monitoring": true,
                    "enable_secure_boot": false
                  }
                ],
                "spot": false,
                "tags": [],
                "taint": [],
                "workload_metadata_config": []
              }
            ],
            "node_count": 2,
            "node_locations": [
              "us-central1-a"
            ],
            "operation": null,
            "project": "feki-368302",
            "timeouts": null,
            "upgrade_settings": [
              {
                "max_surge": 1,
                "max_unavailable": 0
              }
            ],
            "version": "1.23.8-gke.1900"
          },
          "sensitive_attributes": [],
          "private": "eyJlMmJmYjczMC1lY2FhLTExZTYtOGY4OC0zNDM2M2JjN2M0YzAiOnsiY3JlYXRlIjoxODAwMDAwMDAwMDAwLCJkZWxldGUiOjE4MDAwMDAwMDAwMDAsInVwZGF0ZSI6MTgwMDAwMDAwMDAwMH0sInNjaGVtYV92ZXJzaW9uIjoiMSJ9",
          "dependencies": [
            "module.GKE.google_container_cluster.feki-gke-cluster",
            "module.GKE.google_service_account.gke-sa",
            "module.Network.google_compute_network.feki-vpc",
            "module.Network.google_compute_subnetwork.Restricted_Subnet"
          ]
        }
      ]
    },
    {
      "module": "module.GKE",
      "mode": "managed",
      "type": "google_project_iam_member",
      "name": "gke-sa-member-1",
      "provider": "provider[\"registry.terraform.io/hashicorp/google\"]",
      "instances": [
        {
          "schema_version": 0,
          "attributes": {
            "condition": [],
            "etag": "BwXthn9TLjo=",
            "id": "feki-368302/roles/storage.admin/serviceAccount:gke-sa@feki-368302.iam.gserviceaccount.com",
            "member": "serviceAccount:gke-sa@feki-368302.iam.gserviceaccount.com",
            "project": "feki-368302",
            "role": "roles/storage.admin"
          },
          "sensitive_attributes": [],
          "private": "bnVsbA==",
          "dependencies": [
            "module.GKE.google_service_account.gke-sa"
          ]
        }
      ]
    },
    {
      "module": "module.GKE",
      "mode": "managed",
      "type": "google_project_iam_member",
      "name": "gke-sa-member-2",
      "provider": "provider[\"registry.terraform.io/hashicorp/google\"]",
      "instances": [
        {
          "schema_version": 0,
          "attributes": {
            "condition": [],
            "etag": "BwXthn9TLjo=",
            "id": "feki-368302/roles/storage.objectViewer/serviceAccount:gke-sa@feki-368302.iam.gserviceaccount.com",
            "member": "serviceAccount:gke-sa@feki-368302.iam.gserviceaccount.com",
            "project": "feki-368302",
            "role": "roles/storage.objectViewer"
          },
          "sensitive_attributes": [],
          "private": "bnVsbA==",
          "dependencies": [
            "module.GKE.google_service_account.gke-sa"
          ]
        }
      ]
    },
    {
      "module": "module.GKE",
      "mode": "managed",
      "type": "google_service_account",
      "name": "gke-sa",
      "provider": "provider[\"registry.terraform.io/hashicorp/google\"]",
      "instances": [
        {
          "schema_version": 0,
          "attributes": {
            "account_id": "gke-sa",
            "description": "",
            "disabled": false,
            "display_name": "GKE Service Account",
            "email": "gke-sa@feki-368302.iam.gserviceaccount.com",
            "id": "projects/feki-368302/serviceAccounts/gke-sa@feki-368302.iam.gserviceaccount.com",
            "member": "serviceAccount:gke-sa@feki-368302.iam.gserviceaccount.com",
            "name": "projects/feki-368302/serviceAccounts/gke-sa@feki-368302.iam.gserviceaccount.com",
            "project": "feki-368302",
            "timeouts": null,
            "unique_id": "104153202355369349597"
          },
          "sensitive_attributes": [],
          "private": "eyJlMmJmYjczMC1lY2FhLTExZTYtOGY4OC0zNDM2M2JjN2M0YzAiOnsiY3JlYXRlIjozMDAwMDAwMDAwMDB9fQ=="
        }
      ]
    },
    {
      "module": "module.Network",
      "mode": "managed",
      "type": "google_compute_firewall",
      "name": "ssh-firewall",
      "provider": "provider[\"registry.terraform.io/hashicorp/google\"]",
      "instances": [
        {
          "schema_version": 1,
          "attributes": {
            "allow": [
              {
                "ports": [
                  "22"
                ],
                "protocol": "tcp"
              }
            ],
            "creation_timestamp": "2022-11-15T10:26:47.323-08:00",
            "deny": [],
            "description": "",
            "destination_ranges": [],
            "direction": "INGRESS",
            "disabled": false,
            "enable_logging": null,
            "id": "projects/feki-368302/global/firewalls/ssh-firewall",
            "log_config": [],
            "name": "ssh-firewall",
            "network": "https://www.googleapis.com/compute/v1/projects/feki-368302/global/networks/feki-vpc",
            "priority": 1000,
            "project": "feki-368302",
            "self_link": "https://www.googleapis.com/compute/v1/projects/feki-368302/global/firewalls/ssh-firewall",
            "source_ranges": [
              "35.235.240.0/20"
            ],
            "source_service_accounts": [],
            "source_tags": [],
            "target_service_accounts": [],
            "target_tags": [],
            "timeouts": null
          },
          "sensitive_attributes": [],
          "private": "eyJlMmJmYjczMC1lY2FhLTExZTYtOGY4OC0zNDM2M2JjN2M0YzAiOnsiY3JlYXRlIjoxMjAwMDAwMDAwMDAwLCJkZWxldGUiOjEyMDAwMDAwMDAwMDAsInVwZGF0ZSI6MTIwMDAwMDAwMDAwMH0sInNjaGVtYV92ZXJzaW9uIjoiMSJ9",
          "dependencies": [
            "module.Network.google_compute_network.feki-vpc"
          ]
        }
      ]
    },
    {
      "module": "module.Network",
      "mode": "managed",
      "type": "google_compute_network",
      "name": "feki-vpc",
      "provider": "provider[\"registry.terraform.io/hashicorp/google\"]",
      "instances": [
        {
          "schema_version": 0,
          "attributes": {
            "auto_create_subnetworks": false,
            "delete_default_routes_on_create": false,
            "description": "",
            "enable_ula_internal_ipv6": false,
            "gateway_ipv4": "",
            "id": "projects/feki-368302/global/networks/feki-vpc",
            "internal_ipv6_range": "",
            "mtu": 0,
            "name": "feki-vpc",
            "project": "feki-368302",
            "routing_mode": "REGIONAL",
            "self_link": "https://www.googleapis.com/compute/v1/projects/feki-368302/global/networks/feki-vpc",
            "timeouts": null
          },
          "sensitive_attributes": [],
          "private": "eyJlMmJmYjczMC1lY2FhLTExZTYtOGY4OC0zNDM2M2JjN2M0YzAiOnsiY3JlYXRlIjoxMjAwMDAwMDAwMDAwLCJkZWxldGUiOjEyMDAwMDAwMDAwMDAsInVwZGF0ZSI6MTIwMDAwMDAwMDAwMH19"
        }
      ]
    },
    {
      "module": "module.Network",
      "mode": "managed",
      "type": "google_compute_router",
      "name": "router",
      "provider": "provider[\"registry.terraform.io/hashicorp/google\"]",
      "instances": [
        {
          "schema_version": 0,
          "attributes": {
            "bgp": [],
            "creation_timestamp": "2022-11-15T10:26:47.416-08:00",
            "description": "",
            "encrypted_interconnect_router": false,
            "id": "projects/feki-368302/regions/us-central1/routers/router",
            "name": "router",
            "network": "https://www.googleapis.com/compute/v1/projects/feki-368302/global/networks/feki-vpc",
            "project": "feki-368302",
            "region": "us-central1",
            "self_link": "https://www.googleapis.com/compute/v1/projects/feki-368302/regions/us-central1/routers/router",
            "timeouts": null
          },
          "sensitive_attributes": [],
          "private": "eyJlMmJmYjczMC1lY2FhLTExZTYtOGY4OC0zNDM2M2JjN2M0YzAiOnsiY3JlYXRlIjoxMjAwMDAwMDAwMDAwLCJkZWxldGUiOjEyMDAwMDAwMDAwMDAsInVwZGF0ZSI6MTIwMDAwMDAwMDAwMH19",
          "dependencies": [
            "module.Network.google_compute_network.feki-vpc"
          ]
        }
      ]
    },
    {
      "module": "module.Network",
      "mode": "managed",
      "type": "google_compute_router_nat",
      "name": "nat",
      "provider": "provider[\"registry.terraform.io/hashicorp/google\"]",
      "instances": [
        {
          "schema_version": 0,
          "attributes": {
            "drain_nat_ips": [],
            "enable_dynamic_port_allocation": false,
            "enable_endpoint_independent_mapping": true,
            "icmp_idle_timeout_sec": 30,
            "id": "feki-368302/us-central1/router/nat",
            "log_config": [],
            "max_ports_per_vm": 0,
            "min_ports_per_vm": 0,
            "name": "nat",
            "nat_ip_allocate_option": "AUTO_ONLY",
            "nat_ips": [],
            "project": "feki-368302",
            "region": "us-central1",
            "router": "router",
            "rules": [],
            "source_subnetwork_ip_ranges_to_nat": "LIST_OF_SUBNETWORKS",
            "subnetwork": [
              {
                "name": "https://www.googleapis.com/compute/v1/projects/feki-368302/regions/us-central1/subnetworks/management-subnet",
                "secondary_ip_range_names": [],
                "source_ip_ranges_to_nat": [
                  "ALL_IP_RANGES"
                ]
              },
              {
                "name": "https://www.googleapis.com/compute/v1/projects/feki-368302/regions/us-central1/subnetworks/restricted-subnet",
                "secondary_ip_range_names": [],
                "source_ip_ranges_to_nat": [
                  "ALL_IP_RANGES"
                ]
              }
            ],
            "tcp_established_idle_timeout_sec": 1200,
            "tcp_transitory_idle_timeout_sec": 30,
            "timeouts": null,
            "udp_idle_timeout_sec": 30
          },
          "sensitive_attributes": [],
          "private": "eyJlMmJmYjczMC1lY2FhLTExZTYtOGY4OC0zNDM2M2JjN2M0YzAiOnsiY3JlYXRlIjoxMjAwMDAwMDAwMDAwLCJkZWxldGUiOjEyMDAwMDAwMDAwMDAsInVwZGF0ZSI6MTIwMDAwMDAwMDAwMH19",
          "dependencies": [
            "module.Network.google_compute_network.feki-vpc",
            "module.Network.google_compute_router.router",
            "module.Network.google_compute_subnetwork.Management_Subnet",
            "module.Network.google_compute_subnetwork.Restricted_Subnet"
          ]
        }
      ]
    },
    {
      "module": "module.Network",
      "mode": "managed",
      "type": "google_compute_subnetwork",
      "name": "Management_Subnet",
      "provider": "provider[\"registry.terraform.io/hashicorp/google\"]",
      "instances": [
        {
          "schema_version": 0,
          "attributes": {
            "creation_timestamp": "2022-11-15T10:26:47.497-08:00",
            "description": "",
            "external_ipv6_prefix": "",
            "fingerprint": null,
            "gateway_address": "10.0.0.1",
            "id": "projects/feki-368302/regions/us-central1/subnetworks/management-subnet",
            "ip_cidr_range": "10.0.0.0/24",
            "ipv6_access_type": "",
            "ipv6_cidr_range": "",
            "log_config": [],
            "name": "management-subnet",
            "network": "https://www.googleapis.com/compute/v1/projects/feki-368302/global/networks/feki-vpc",
            "private_ip_google_access": false,
            "private_ipv6_google_access": "DISABLE_GOOGLE_ACCESS",
            "project": "feki-368302",
            "purpose": "PRIVATE",
            "region": "us-central1",
            "role": "",
            "secondary_ip_range": [],
            "self_link": "https://www.googleapis.com/compute/v1/projects/feki-368302/regions/us-central1/subnetworks/management-subnet",
            "stack_type": "IPV4_ONLY",
            "timeouts": null
          },
          "sensitive_attributes": [],
          "private": "eyJlMmJmYjczMC1lY2FhLTExZTYtOGY4OC0zNDM2M2JjN2M0YzAiOnsiY3JlYXRlIjoxMjAwMDAwMDAwMDAwLCJkZWxldGUiOjEyMDAwMDAwMDAwMDAsInVwZGF0ZSI6MTIwMDAwMDAwMDAwMH19",
          "dependencies": [
            "module.Network.google_compute_network.feki-vpc"
          ]
        }
      ]
    },
    {
      "module": "module.Network",
      "mode": "managed",
      "type": "google_compute_subnetwork",
      "name": "Restricted_Subnet",
      "provider": "provider[\"registry.terraform.io/hashicorp/google\"]",
      "instances": [
        {
          "schema_version": 0,
          "attributes": {
            "creation_timestamp": "2022-11-15T10:26:47.409-08:00",
            "description": "",
            "external_ipv6_prefix": "",
            "fingerprint": null,
            "gateway_address": "10.0.1.1",
            "id": "projects/feki-368302/regions/us-central1/subnetworks/restricted-subnet",
            "ip_cidr_range": "10.0.1.0/24",
            "ipv6_access_type": "",
            "ipv6_cidr_range": "",
            "log_config": [],
            "name": "restricted-subnet",
            "network": "https://www.googleapis.com/compute/v1/projects/feki-368302/global/networks/feki-vpc",
            "private_ip_google_access": true,
            "private_ipv6_google_access": "DISABLE_GOOGLE_ACCESS",
            "project": "feki-368302",
            "purpose": "PRIVATE",
            "region": "us-central1",
            "role": "",
            "secondary_ip_range": [
              {
                "ip_cidr_range": "10.224.0.0/20",
                "range_name": "gke-feki-gke-cluster-services-5786d694"
              },
              {
                "ip_cidr_range": "10.220.0.0/14",
                "range_name": "gke-feki-gke-cluster-pods-5786d694"
              }
            ],
            "self_link": "https://www.googleapis.com/compute/v1/projects/feki-368302/regions/us-central1/subnetworks/restricted-subnet",
            "stack_type": "IPV4_ONLY",
            "timeouts": null
          },
          "sensitive_attributes": [],
          "private": "eyJlMmJmYjczMC1lY2FhLTExZTYtOGY4OC0zNDM2M2JjN2M0YzAiOnsiY3JlYXRlIjoxMjAwMDAwMDAwMDAwLCJkZWxldGUiOjEyMDAwMDAwMDAwMDAsInVwZGF0ZSI6MTIwMDAwMDAwMDAwMH19",
          "dependencies": [
            "module.Network.google_compute_network.feki-vpc"
          ]
        }
      ]
    },
    {
      "module": "module.VM",
      "mode": "managed",
      "type": "google_compute_instance",
      "name": "management-vm",
      "provider": "provider[\"registry.terraform.io/hashicorp/google\"]",
      "instances": [
        {
          "schema_version": 6,
          "attributes": {
            "advanced_machine_features": [],
            "allow_stopping_for_update": null,
            "attached_disk": [],
            "boot_disk": [
              {
                "auto_delete": true,
                "device_name": "persistent-disk-0",
                "disk_encryption_key_raw": "",
                "disk_encryption_key_sha256": "",
                "initialize_params": [
                  {
                    "image": "https://www.googleapis.com/compute/v1/projects/debian-cloud/global/images/debian-11-bullseye-v20221102",
                    "labels": {},
                    "size": 10,
                    "type": "pd-standard"
                  }
                ],
                "kms_key_self_link": "",
                "mode": "READ_WRITE",
                "source": "https://www.googleapis.com/compute/v1/projects/feki-368302/zones/us-central1-a/disks/management-vm"
              }
            ],
            "can_ip_forward": false,
            "confidential_instance_config": [],
            "cpu_platform": "Intel Broadwell",
            "current_status": "RUNNING",
            "deletion_protection": false,
            "description": "",
            "desired_status": null,
            "enable_display": false,
            "guest_accelerator": [],
            "hostname": "",
            "id": "projects/feki-368302/zones/us-central1-a/instances/management-vm",
            "instance_id": "6305102308285769498",
            "label_fingerprint": "42WmSpB8rSM=",
            "labels": {},
            "machine_type": "e2-medium",
            "metadata": {},
            "metadata_fingerprint": "m9xJKT1ViKQ=",
            "metadata_startup_script": "/home/aalfeqy/GCP/script.sh",
            "min_cpu_platform": "",
            "name": "management-vm",
            "network_interface": [
              {
                "access_config": [],
                "alias_ip_range": [],
                "ipv6_access_config": [],
                "ipv6_access_type": "",
                "name": "nic0",
                "network": "https://www.googleapis.com/compute/v1/projects/feki-368302/global/networks/feki-vpc",
                "network_ip": "10.0.0.2",
                "nic_type": "",
                "queue_count": 0,
                "stack_type": "IPV4_ONLY",
                "subnetwork": "https://www.googleapis.com/compute/v1/projects/feki-368302/regions/us-central1/subnetworks/management-subnet",
                "subnetwork_project": "feki-368302"
              }
            ],
            "project": "feki-368302",
            "reservation_affinity": [],
            "resource_policies": [],
            "scheduling": [
              {
                "automatic_restart": true,
                "instance_termination_action": "",
                "min_node_cpus": 0,
                "node_affinities": [],
                "on_host_maintenance": "MIGRATE",
                "preemptible": false,
                "provisioning_model": "STANDARD"
              }
            ],
            "scratch_disk": [],
            "self_link": "https://www.googleapis.com/compute/v1/projects/feki-368302/zones/us-central1-a/instances/management-vm",
            "service_account": [
              {
                "email": "manage-sa@feki-368302.iam.gserviceaccount.com",
                "scopes": [
                  "https://www.googleapis.com/auth/cloud-platform"
                ]
              }
            ],
            "shielded_instance_config": [
              {
                "enable_integrity_monitoring": true,
                "enable_secure_boot": false,
                "enable_vtpm": true
              }
            ],
            "tags": [],
            "tags_fingerprint": "42WmSpB8rSM=",
            "timeouts": null,
            "zone": "us-central1-a"
          },
          "sensitive_attributes": [],
          "private": "eyJlMmJmYjczMC1lY2FhLTExZTYtOGY4OC0zNDM2M2JjN2M0YzAiOnsiY3JlYXRlIjoxMjAwMDAwMDAwMDAwLCJkZWxldGUiOjEyMDAwMDAwMDAwMDAsInVwZGF0ZSI6MTIwMDAwMDAwMDAwMH0sInNjaGVtYV92ZXJzaW9uIjoiNiJ9",
          "dependencies": [
            "module.Network.google_compute_network.feki-vpc",
            "module.Network.google_compute_subnetwork.Management_Subnet",
            "module.VM.google_service_account.manage-sa"
          ]
        }
      ]
    },
    {
      "module": "module.VM",
      "mode": "managed",
      "type": "google_compute_instance",
      "name": "management-vm-2",
      "provider": "provider[\"registry.terraform.io/hashicorp/google\"]",
      "instances": [
        {
          "schema_version": 6,
          "attributes": {
            "advanced_machine_features": [],
            "allow_stopping_for_update": null,
            "attached_disk": [],
            "boot_disk": [
              {
                "auto_delete": true,
                "device_name": "persistent-disk-0",
                "disk_encryption_key_raw": "",
                "disk_encryption_key_sha256": "",
                "initialize_params": [
                  {
                    "image": "https://www.googleapis.com/compute/v1/projects/debian-cloud/global/images/debian-11-bullseye-v20221102",
                    "labels": {},
                    "size": 10,
                    "type": "pd-standard"
                  }
                ],
                "kms_key_self_link": "",
                "mode": "READ_WRITE",
                "source": "https://www.googleapis.com/compute/v1/projects/feki-368302/zones/us-central1-a/disks/management-vm-2"
              }
            ],
            "can_ip_forward": false,
            "confidential_instance_config": [],
            "cpu_platform": "Intel Broadwell",
            "current_status": "RUNNING",
            "deletion_protection": false,
            "description": "",
            "desired_status": null,
            "enable_display": false,
            "guest_accelerator": [],
            "hostname": "",
            "id": "projects/feki-368302/zones/us-central1-a/instances/management-vm-2",
            "instance_id": "8794238252356623496",
            "label_fingerprint": "42WmSpB8rSM=",
            "labels": {},
            "machine_type": "e2-medium",
            "metadata": {},
            "metadata_fingerprint": "qmrpD66_vYQ=",
            "metadata_startup_script": "#!/bin/bash\n    curl -LO \"https://dl.k8s.io/release/$(curl -L -s https://dl.k8s.io/release/stable.txt)/bin/linux/amd64/kubectl\"\n    curl -LO \"https://dl.k8s.io/$(curl -L -s https://dl.k8s.io/release/stable.txt)/bin/linux/amd64/kubectl.sha256\"\n    echo \"$(cat kubectl.sha256)  kubectl\" | sha256sum --check\n    sudo install -o root -g root -m 0755 kubectl /usr/local/bin/kubectl\n    chmod +x kubectl\n    mkdir -p ~/.local/bin\n    mv ./kubectl ~/.local/bin/kubectl\n    kubectl version --client\n    sudo apt-get install google-cloud-sdk-gke-gcloud-auth-plugin\n\n    sudo apt-get install apt-transport-https ca-certificates gnupg\n    echo \"deb [signed-by=/usr/share/keyrings/cloud.google.gpg] https://packages.cloud.google.com/apt cloud-sdk main\" | sudo tee -a /etc/apt/sources.list.d/google-cloud-sdk.list\n    curl https://packages.cloud.google.com/apt/doc/apt-key.gpg | sudo apt-key --keyring /usr/share/keyrings/cloud.google.gpg add -\n    sudo apt-get update \u0026\u0026 sudo apt-get install google-cloud-cli\n\n\n        # metadata_startup_script = \u003c\u003cEOF\n        # #!/bin/bash\n        # sudo apt-get update\n        # sudo apt-get install -y ca-certificates curl\n        # sudo apt-get install -y apt-transport-https\n        # sudo curl -fsSLo /usr/share/keyrings/kubernetes-archive-keyring.gpg https://packages.cloud.google.com/apt/doc/apt-key.gpg\n        # echo \"deb [signed-by=/usr/share/keyrings/kubernetes-archive-keyring.gpg] https://apt.kubernetes.io/ kubernetes-xenial main\" | sudo tee /etc/apt/sources.list.d/kubernetes.list\n        # sudo apt-get update\n        # sudo apt-get install -y kubectl\n\n        # EOF",
            "min_cpu_platform": "",
            "name": "management-vm-2",
            "network_interface": [
              {
                "access_config": [],
                "alias_ip_range": [],
                "ipv6_access_config": [],
                "ipv6_access_type": "",
                "name": "nic0",
                "network": "https://www.googleapis.com/compute/v1/projects/feki-368302/global/networks/feki-vpc",
                "network_ip": "10.0.0.3",
                "nic_type": "",
                "queue_count": 0,
                "stack_type": "IPV4_ONLY",
                "subnetwork": "https://www.googleapis.com/compute/v1/projects/feki-368302/regions/us-central1/subnetworks/management-subnet",
                "subnetwork_project": "feki-368302"
              }
            ],
            "project": "feki-368302",
            "reservation_affinity": [],
            "resource_policies": [],
            "scheduling": [
              {
                "automatic_restart": true,
                "instance_termination_action": "",
                "min_node_cpus": 0,
                "node_affinities": [],
                "on_host_maintenance": "MIGRATE",
                "preemptible": false,
                "provisioning_model": "STANDARD"
              }
            ],
            "scratch_disk": [],
            "self_link": "https://www.googleapis.com/compute/v1/projects/feki-368302/zones/us-central1-a/instances/management-vm-2",
            "service_account": [
              {
                "email": "manage-sa@feki-368302.iam.gserviceaccount.com",
                "scopes": [
                  "https://www.googleapis.com/auth/cloud-platform"
                ]
              }
            ],
            "shielded_instance_config": [
              {
                "enable_integrity_monitoring": true,
                "enable_secure_boot": false,
                "enable_vtpm": true
              }
            ],
            "tags": [],
            "tags_fingerprint": "42WmSpB8rSM=",
            "timeouts": null,
            "zone": "us-central1-a"
          },
          "sensitive_attributes": [],
          "private": "eyJlMmJmYjczMC1lY2FhLTExZTYtOGY4OC0zNDM2M2JjN2M0YzAiOnsiY3JlYXRlIjoxMjAwMDAwMDAwMDAwLCJkZWxldGUiOjEyMDAwMDAwMDAwMDAsInVwZGF0ZSI6MTIwMDAwMDAwMDAwMH0sInNjaGVtYV92ZXJzaW9uIjoiNiJ9",
          "dependencies": [
            "module.Network.google_compute_network.feki-vpc",
            "module.Network.google_compute_subnetwork.Management_Subnet",
            "module.VM.google_service_account.manage-sa"
          ]
        }
      ]
    },
    {
      "module": "module.VM",
      "mode": "managed",
      "type": "google_project_iam_member",
      "name": "manage-sa-member-1",
      "provider": "provider[\"registry.terraform.io/hashicorp/google\"]",
      "instances": [
        {
          "schema_version": 0,
          "attributes": {
            "condition": [],
            "etag": "BwXthn9TLjo=",
            "id": "feki-368302/roles/storage.admin/serviceAccount:manage-sa@feki-368302.iam.gserviceaccount.com",
            "member": "serviceAccount:manage-sa@feki-368302.iam.gserviceaccount.com",
            "project": "feki-368302",
            "role": "roles/storage.admin"
          },
          "sensitive_attributes": [],
          "private": "bnVsbA==",
          "dependencies": [
            "module.VM.google_service_account.manage-sa"
          ]
        }
      ]
    },
    {
      "module": "module.VM",
      "mode": "managed",
      "type": "google_project_iam_member",
      "name": "manage-sa-member-2",
      "provider": "provider[\"registry.terraform.io/hashicorp/google\"]",
      "instances": [
        {
          "schema_version": 0,
          "attributes": {
            "condition": [],
            "etag": "BwXthn9TLjo=",
            "id": "feki-368302/roles/container.admin/serviceAccount:manage-sa@feki-368302.iam.gserviceaccount.com",
            "member": "serviceAccount:manage-sa@feki-368302.iam.gserviceaccount.com",
            "project": "feki-368302",
            "role": "roles/container.admin"
          },
          "sensitive_attributes": [],
          "private": "bnVsbA==",
          "dependencies": [
            "module.VM.google_service_account.manage-sa"
          ]
        }
      ]
    },
    {
      "module": "module.VM",
      "mode": "managed",
      "type": "google_service_account",
      "name": "manage-sa",
      "provider": "provider[\"registry.terraform.io/hashicorp/google\"]",
      "instances": [
        {
          "schema_version": 0,
          "attributes": {
            "account_id": "manage-sa",
            "description": "",
            "disabled": false,
            "display_name": "manage Service Account",
            "email": "manage-sa@feki-368302.iam.gserviceaccount.com",
            "id": "projects/feki-368302/serviceAccounts/manage-sa@feki-368302.iam.gserviceaccount.com",
            "member": "serviceAccount:manage-sa@feki-368302.iam.gserviceaccount.com",
            "name": "projects/feki-368302/serviceAccounts/manage-sa@feki-368302.iam.gserviceaccount.com",
            "project": "feki-368302",
            "timeouts": null,
            "unique_id": "117876409262800770655"
          },
          "sensitive_attributes": [],
          "private": "eyJlMmJmYjczMC1lY2FhLTExZTYtOGY4OC0zNDM2M2JjN2M0YzAiOnsiY3JlYXRlIjozMDAwMDAwMDAwMDB9fQ=="
        }
      ]
    }
  ],
  "check_results": []
}
